
Microsoft Visual Studio Solution File, Format Version 12.00
# Visual Studio Version 17
VisualStudioVersion = 17.12.35209.166
MinimumVisualStudioVersion = 10.0.40219.1
Project("{FAE04EC0-301F-11D3-BF4B-00C04F79EFBC}") = "WinFormsAppClientOrder", "WinFormsAppClientOrder\WinFormsAppClientOrder.csproj", "{B250221F-9D84-4721-B61D-C023BB7F01EC}"
EndProject
Global
	GlobalSection(SolutionConfigurationPlatforms) = preSolution
		Debug|Any CPU = Debug|Any CPU
		Release|Any CPU = Release|Any CPU
	EndGlobalSection
	GlobalSection(ProjectConfigurationPlatforms) = postSolution
		{B250221F-9D84-4721-B61D-C023BB7F01EC}.Debug|Any CPU.ActiveCfg = Debug|Any CPU
		{B250221F-9D84-4721-B61D-C023BB7F01EC}.Debug|Any CPU.Build.0 = Debug|Any CPU
		{B250221F-9D84-4721-B61D-C023BB7F01EC}.Release|Any CPU.ActiveCfg = Release|Any CPU
		{B250221F-9D84-4721-B61D-C023BB7F01EC}.Release|Any CPU.Build.0 = Release|Any CPU
	EndGlobalSection
	GlobalSection(SolutionProperties) = preSolution
		HideSolutionNode = FALSE
	EndGlobalSection
	GlobalSection(ExtensibilityGlobals) = postSolution
		SolutionGuid = {F2825378-D778-4A4D-A842-9B0864B5474F}
	EndGlobalSection
EndGlobal
